
Microsoft Visual Studio Solution File, Format Version 12.00
# Visual Studio 15
VisualStudioVersion = 15.0.28307.539
MinimumVisualStudioVersion = 10.0.40219.1
Project("{8BC9CEB8-8B4A-11D0-8D11-00A0C91BC942}") = "HuffmanCompress", "HuffmanCompress\HuffmanCompress.vcxproj", "{93553F2D-4CCA-449C-981A-812C0A7F7CD2}"
EndProject
Global
	GlobalSection(SolutionConfigurationPlatforms) = preSolution
		Debug|x64 = Debug|x64
		Debug|x86 = Debug|x86
		Release|x64 = Release|x64
		Release|x86 = Release|x86
	EndGlobalSection
	GlobalSection(ProjectConfigurationPlatforms) = postSolution
		{93553F2D-4CCA-449C-981A-812C0A7F7CD2}.Debug|x64.ActiveCfg = Debug|x64
		{93553F2D-4CCA-449C-981A-812C0A7F7CD2}.Debug|x64.Build.0 = Debug|x64
		{93553F2D-4CCA-449C-981A-812C0A7F7CD2}.Debug|x86.ActiveCfg = Debug|Win32
		{93553F2D-4CCA-449C-981A-812C0A7F7CD2}.Debug|x86.Build.0 = Debug|Win32
		{93553F2D-4CCA-449C-981A-812C0A7F7CD2}.Release|x64.ActiveCfg = Release|x64
		{93553F2D-4CCA-449C-981A-812C0A7F7CD2}.Release|x64.Build.0 = Release|x64
		{93553F2D-4CCA-449C-981A-812C0A7F7CD2}.Release|x86.ActiveCfg = Release|Win32
		{93553F2D-4CCA-449C-981A-812C0A7F7CD2}.Release|x86.Build.0 = Release|Win32
	EndGlobalSection
	GlobalSection(SolutionProperties) = preSolution
		HideSolutionNode = FALSE
	EndGlobalSection
	GlobalSection(ExtensibilityGlobals) = postSolution
		SolutionGuid = {D963B441-977D-4901-BC41-692893D1ECC0}
	EndGlobalSection
EndGlobal
